
Microsoft Visual Studio Solution File, Format Version 12.00
# Visual Studio Version 16
VisualStudioVersion = 16.0.30717.126
MinimumVisualStudioVersion = 10.0.40219.1
Project("{2150E333-8FDC-42A3-9474-1A3956D46DE8}") = "1 - Grpc Implementation", "1 - Grpc Implementation", "{3FF7CB4D-EEB0-4BD9-B24F-8AF7B5670244}"
EndProject
Project("{2150E333-8FDC-42A3-9474-1A3956D46DE8}") = "2 - Grpc Features", "2 - Grpc Features", "{D92E05A4-49F0-4C8B-A884-879336CFBA02}"
EndProject
Project("{2150E333-8FDC-42A3-9474-1A3956D46DE8}") = "3 - Code First", "3 - Code First", "{FD9D0A89-9AC0-45E2-BF6E-545BE13B676E}"
EndProject
Project("{2150E333-8FDC-42A3-9474-1A3956D46DE8}") = "4 - Grpc Benchmarks", "4 - Grpc Benchmarks", "{A9D06229-86F9-4E54-8F5C-29BE7B10EAA2}"
EndProject
Project("{9A19103F-16F7-4668-BE54-9A1E7A4F7556}") = "GrpcImpl.Service", "GrpcImpl.Service\GrpcImpl.Service.csproj", "{91A7BE8F-B153-40BD-B758-71D38D986FA9}"
EndProject
Project("{9A19103F-16F7-4668-BE54-9A1E7A4F7556}") = "GrpcImpl.Clinet", "GrpcImpl.Clinet\GrpcImpl.Clinet.csproj", "{8A298D68-F682-4EAC-9D58-B3135D72ABD2}"
EndProject
Project("{9A19103F-16F7-4668-BE54-9A1E7A4F7556}") = "GrpcFeatures.Service", "GrpcFeatures.Service\GrpcFeatures.Service.csproj", "{7BC56A19-29A8-439C-9420-9CDD5B3D3823}"
EndProject
Project("{9A19103F-16F7-4668-BE54-9A1E7A4F7556}") = "GrpcFeatures.Client", "GrpcFeatures.Client\GrpcFeatures.Client.csproj", "{00D6383B-C565-44D8-AF92-071801A8392E}"
EndProject
Project("{9A19103F-16F7-4668-BE54-9A1E7A4F7556}") = "CodeFirst.Service", "CodeFirst.Service\CodeFirst.Service.csproj", "{C7A91C6B-6F40-4916-8938-A7411A618FCA}"
EndProject
Project("{9A19103F-16F7-4668-BE54-9A1E7A4F7556}") = "CodeFirst.Clinet", "CodeFirst.Clinet\CodeFirst.Clinet.csproj", "{F20BC814-1AA1-42AF-91CC-2A43D5FBC2F9}"
EndProject
Project("{9A19103F-16F7-4668-BE54-9A1E7A4F7556}") = "CodeFirst.Shared", "CodeFirst.Shared\CodeFirst.Shared.csproj", "{47FE775F-2F54-4FDB-80A3-B0DB155032A8}"
EndProject
Project("{9A19103F-16F7-4668-BE54-9A1E7A4F7556}") = "Benchmarks.Clinet", "Benchmarks.Clinet\Benchmarks.Clinet.csproj", "{EF051DDD-D409-47C2-899E-1DAA76AC6C70}"
EndProject
Project("{9A19103F-16F7-4668-BE54-9A1E7A4F7556}") = "Benchmarks.GrpcCore3", "Benchmarks.GrpcCore3\Benchmarks.GrpcCore3.csproj", "{C7345FD9-633C-4680-804E-665796FC6AD4}"
EndProject
Project("{9A19103F-16F7-4668-BE54-9A1E7A4F7556}") = "Benchmarks.GrpcNet5", "Benchmarks.GrpcNet5\Benchmarks.GrpcNet5.csproj", "{42A907AC-42B8-4F49-AEBF-EA85BF3D9097}"
EndProject
Project("{9A19103F-16F7-4668-BE54-9A1E7A4F7556}") = "Benchmarks.WebApi", "Benchmarks.WebApi\Benchmarks.WebApi.csproj", "{9B5E790A-C5DA-4537-913D-3D27BB106FA2}"
EndProject
Project("{9A19103F-16F7-4668-BE54-9A1E7A4F7556}") = "GrpcFeatures.Tests", "GrpcFeatures.Tests\GrpcFeatures.Tests.csproj", "{4303DF87-2653-47D4-8985-1F8390F24863}"
EndProject
Project("{FAE04EC0-301F-11D3-BF4B-00C04F79EFBC}") = "GrpcFeatures.Web", "GrpcFeatures.Web\GrpcFeatures.Web.csproj", "{BEB272FD-E369-4009-A6D9-3135D3D66B83}"
EndProject
Global
	GlobalSection(SolutionConfigurationPlatforms) = preSolution
		Debug|Any CPU = Debug|Any CPU
		Release|Any CPU = Release|Any CPU
	EndGlobalSection
	GlobalSection(ProjectConfigurationPlatforms) = postSolution
		{91A7BE8F-B153-40BD-B758-71D38D986FA9}.Debug|Any CPU.ActiveCfg = Debug|Any CPU
		{91A7BE8F-B153-40BD-B758-71D38D986FA9}.Debug|Any CPU.Build.0 = Debug|Any CPU
		{91A7BE8F-B153-40BD-B758-71D38D986FA9}.Release|Any CPU.ActiveCfg = Release|Any CPU
		{91A7BE8F-B153-40BD-B758-71D38D986FA9}.Release|Any CPU.Build.0 = Release|Any CPU
		{8A298D68-F682-4EAC-9D58-B3135D72ABD2}.Debug|Any CPU.ActiveCfg = Debug|Any CPU
		{8A298D68-F682-4EAC-9D58-B3135D72ABD2}.Debug|Any CPU.Build.0 = Debug|Any CPU
		{8A298D68-F682-4EAC-9D58-B3135D72ABD2}.Release|Any CPU.ActiveCfg = Release|Any CPU
		{8A298D68-F682-4EAC-9D58-B3135D72ABD2}.Release|Any CPU.Build.0 = Release|Any CPU
		{7BC56A19-29A8-439C-9420-9CDD5B3D3823}.Debug|Any CPU.ActiveCfg = Debug|Any CPU
		{7BC56A19-29A8-439C-9420-9CDD5B3D3823}.Debug|Any CPU.Build.0 = Debug|Any CPU
		{7BC56A19-29A8-439C-9420-9CDD5B3D3823}.Release|Any CPU.ActiveCfg = Release|Any CPU
		{7BC56A19-29A8-439C-9420-9CDD5B3D3823}.Release|Any CPU.Build.0 = Release|Any CPU
		{00D6383B-C565-44D8-AF92-071801A8392E}.Debug|Any CPU.ActiveCfg = Debug|Any CPU
		{00D6383B-C565-44D8-AF92-071801A8392E}.Debug|Any CPU.Build.0 = Debug|Any CPU
		{00D6383B-C565-44D8-AF92-071801A8392E}.Release|Any CPU.ActiveCfg = Release|Any CPU
		{00D6383B-C565-44D8-AF92-071801A8392E}.Release|Any CPU.Build.0 = Release|Any CPU
		{C7A91C6B-6F40-4916-8938-A7411A618FCA}.Debug|Any CPU.ActiveCfg = Debug|Any CPU
		{C7A91C6B-6F40-4916-8938-A7411A618FCA}.Debug|Any CPU.Build.0 = Debug|Any CPU
		{C7A91C6B-6F40-4916-8938-A7411A618FCA}.Release|Any CPU.ActiveCfg = Release|Any CPU
		{C7A91C6B-6F40-4916-8938-A7411A618FCA}.Release|Any CPU.Build.0 = Release|Any CPU
		{F20BC814-1AA1-42AF-91CC-2A43D5FBC2F9}.Debug|Any CPU.ActiveCfg = Debug|Any CPU
		{F20BC814-1AA1-42AF-91CC-2A43D5FBC2F9}.Debug|Any CPU.Build.0 = Debug|Any CPU
		{F20BC814-1AA1-42AF-91CC-2A43D5FBC2F9}.Release|Any CPU.ActiveCfg = Release|Any CPU
		{F20BC814-1AA1-42AF-91CC-2A43D5FBC2F9}.Release|Any CPU.Build.0 = Release|Any CPU
		{47FE775F-2F54-4FDB-80A3-B0DB155032A8}.Debug|Any CPU.ActiveCfg = Debug|Any CPU
		{47FE775F-2F54-4FDB-80A3-B0DB155032A8}.Debug|Any CPU.Build.0 = Debug|Any CPU
		{47FE775F-2F54-4FDB-80A3-B0DB155032A8}.Release|Any CPU.ActiveCfg = Release|Any CPU
		{47FE775F-2F54-4FDB-80A3-B0DB155032A8}.Release|Any CPU.Build.0 = Release|Any CPU
		{EF051DDD-D409-47C2-899E-1DAA76AC6C70}.Debug|Any CPU.ActiveCfg = Debug|Any CPU
		{EF051DDD-D409-47C2-899E-1DAA76AC6C70}.Debug|Any CPU.Build.0 = Debug|Any CPU
		{EF051DDD-D409-47C2-899E-1DAA76AC6C70}.Release|Any CPU.ActiveCfg = Release|Any CPU
		{EF051DDD-D409-47C2-899E-1DAA76AC6C70}.Release|Any CPU.Build.0 = Release|Any CPU
		{C7345FD9-633C-4680-804E-665796FC6AD4}.Debug|Any CPU.ActiveCfg = Debug|Any CPU
		{C7345FD9-633C-4680-804E-665796FC6AD4}.Debug|Any CPU.Build.0 = Debug|Any CPU
		{C7345FD9-633C-4680-804E-665796FC6AD4}.Release|Any CPU.ActiveCfg = Release|Any CPU
		{C7345FD9-633C-4680-804E-665796FC6AD4}.Release|Any CPU.Build.0 = Release|Any CPU
		{42A907AC-42B8-4F49-AEBF-EA85BF3D9097}.Debug|Any CPU.ActiveCfg = Debug|Any CPU
		{42A907AC-42B8-4F49-AEBF-EA85BF3D9097}.Debug|Any CPU.Build.0 = Debug|Any CPU
		{42A907AC-42B8-4F49-AEBF-EA85BF3D9097}.Release|Any CPU.ActiveCfg = Release|Any CPU
		{42A907AC-42B8-4F49-AEBF-EA85BF3D9097}.Release|Any CPU.Build.0 = Release|Any CPU
		{9B5E790A-C5DA-4537-913D-3D27BB106FA2}.Debug|Any CPU.ActiveCfg = Debug|Any CPU
		{9B5E790A-C5DA-4537-913D-3D27BB106FA2}.Debug|Any CPU.Build.0 = Debug|Any CPU
		{9B5E790A-C5DA-4537-913D-3D27BB106FA2}.Release|Any CPU.ActiveCfg = Release|Any CPU
		{9B5E790A-C5DA-4537-913D-3D27BB106FA2}.Release|Any CPU.Build.0 = Release|Any CPU
		{4303DF87-2653-47D4-8985-1F8390F24863}.Debug|Any CPU.ActiveCfg = Debug|Any CPU
		{4303DF87-2653-47D4-8985-1F8390F24863}.Debug|Any CPU.Build.0 = Debug|Any CPU
		{4303DF87-2653-47D4-8985-1F8390F24863}.Release|Any CPU.ActiveCfg = Release|Any CPU
		{4303DF87-2653-47D4-8985-1F8390F24863}.Release|Any CPU.Build.0 = Release|Any CPU
		{BEB272FD-E369-4009-A6D9-3135D3D66B83}.Debug|Any CPU.ActiveCfg = Debug|Any CPU
		{BEB272FD-E369-4009-A6D9-3135D3D66B83}.Debug|Any CPU.Build.0 = Debug|Any CPU
		{BEB272FD-E369-4009-A6D9-3135D3D66B83}.Release|Any CPU.ActiveCfg = Release|Any CPU
		{BEB272FD-E369-4009-A6D9-3135D3D66B83}.Release|Any CPU.Build.0 = Release|Any CPU
	EndGlobalSection
	GlobalSection(SolutionProperties) = preSolution
		HideSolutionNode = FALSE
	EndGlobalSection
	GlobalSection(NestedProjects) = preSolution
		{91A7BE8F-B153-40BD-B758-71D38D986FA9} = {3FF7CB4D-EEB0-4BD9-B24F-8AF7B5670244}
		{8A298D68-F682-4EAC-9D58-B3135D72ABD2} = {3FF7CB4D-EEB0-4BD9-B24F-8AF7B5670244}
		{7BC56A19-29A8-439C-9420-9CDD5B3D3823} = {D92E05A4-49F0-4C8B-A884-879336CFBA02}
		{00D6383B-C565-44D8-AF92-071801A8392E} = {D92E05A4-49F0-4C8B-A884-879336CFBA02}
		{C7A91C6B-6F40-4916-8938-A7411A618FCA} = {FD9D0A89-9AC0-45E2-BF6E-545BE13B676E}
		{F20BC814-1AA1-42AF-91CC-2A43D5FBC2F9} = {FD9D0A89-9AC0-45E2-BF6E-545BE13B676E}
		{47FE775F-2F54-4FDB-80A3-B0DB155032A8} = {FD9D0A89-9AC0-45E2-BF6E-545BE13B676E}
		{EF051DDD-D409-47C2-899E-1DAA76AC6C70} = {A9D06229-86F9-4E54-8F5C-29BE7B10EAA2}
		{C7345FD9-633C-4680-804E-665796FC6AD4} = {A9D06229-86F9-4E54-8F5C-29BE7B10EAA2}
		{42A907AC-42B8-4F49-AEBF-EA85BF3D9097} = {A9D06229-86F9-4E54-8F5C-29BE7B10EAA2}
		{9B5E790A-C5DA-4537-913D-3D27BB106FA2} = {A9D06229-86F9-4E54-8F5C-29BE7B10EAA2}
		{4303DF87-2653-47D4-8985-1F8390F24863} = {D92E05A4-49F0-4C8B-A884-879336CFBA02}
		{BEB272FD-E369-4009-A6D9-3135D3D66B83} = {D92E05A4-49F0-4C8B-A884-879336CFBA02}
	EndGlobalSection
	GlobalSection(ExtensibilityGlobals) = postSolution
		SolutionGuid = {3E2C1546-F87F-452D-A5FF-DE89EEF450B7}
	EndGlobalSection
EndGlobal
